
Microsoft Visual Studio Solution File, Format Version 12.00
# Visual Studio 2013
VisualStudioVersion = 12.0.30501.0
MinimumVisualStudioVersion = 10.0.40219.1
Project("{F2A71F9B-5D33-465A-A702-920D77279786}") = "FSharp", "FSharp\FSharp.fsproj", "{DB2D299C-7040-4568-8BDA-527111F1C04C}"
EndProject
Global
	GlobalSection(SolutionConfigurationPlatforms) = preSolution
		Debug|Any CPU = Debug|Any CPU
		Release|Any CPU = Release|Any CPU
	EndGlobalSection
	GlobalSection(ProjectConfigurationPlatforms) = postSolution
		{DB2D299C-7040-4568-8BDA-527111F1C04C}.Debug|Any CPU.ActiveCfg = Debug|Any CPU
		{DB2D299C-7040-4568-8BDA-527111F1C04C}.Debug|Any CPU.Build.0 = Debug|Any CPU
		{DB2D299C-7040-4568-8BDA-527111F1C04C}.Release|Any CPU.ActiveCfg = Release|Any CPU
		{DB2D299C-7040-4568-8BDA-527111F1C04C}.Release|Any CPU.Build.0 = Release|Any CPU
	EndGlobalSection
	GlobalSection(SolutionProperties) = preSolution
		HideSolutionNode = FALSE
	EndGlobalSection
EndGlobal
